<?xml version="1.0" encoding="utf-8"?>
<Project ToolsVersion="4.0" xmlns="http://schemas.microsoft.com/developer/msbuild/2003">
  <ItemGroup>
    <ClCompile Include="main.cpp" />
    <ClCompile Include="Window.cpp" />
    <ClCompile Include="Game.cpp" />
    <ClCompile Include="EditorWindow.cpp" />
    <ClCompile Include="InputManager.cpp" />
    <ClCompile Include="Functions.cpp" />
    <ClCompile Include="Balloon.cpp">
      <Filter>Entities</Filter>
    </ClCompile>
    <ClCompile Include="Ground.cpp">
      <Filter>Entities</Filter>
    </ClCompile>
    <ClCompile Include="TestObject.cpp">
      <Filter>Entities</Filter>
    </ClCompile>
    <ClCompile Include="TerrainGenerator.cpp" />
    <ClCompile Include="Basket.cpp">
      <Filter>Entities</Filter>
    </ClCompile>
    <ClCompile Include="Command.cpp" />
    <ClCompile Include="Camera.cpp" />
    <ClCompile Include="SkyBox.cpp">
      <Filter>Entities</Filter>
    </ClCompile>
    <ClCompile Include="ImageData.cpp" />
    <ClCompile Include="Vector2f.cpp">
      <Filter>Primitives</Filter>
    </ClCompile>
  </ItemGroup>
  <ItemGroup>
    <ClInclude Include="Includes.h" />
    <ClInclude Include="Window.h" />
    <ClInclude Include="Game.h" />
    <ClInclude Include="EditorWindow.h" />
    <ClInclude Include="InputManager.h" />
    <ClInclude Include="Functions.h" />
    <ClInclude Include="Object.h">
      <Filter>Entities</Filter>
    </ClInclude>
    <ClInclude Include="Vector2i.h">
      <Filter>Primitives</Filter>
    </ClInclude>
    <ClInclude Include="Vector2f.h">
      <Filter>Primitives</Filter>
    </ClInclude>
    <ClInclude Include="Vector3f.h">
      <Filter>Primitives</Filter>
    </ClInclude>
    <ClInclude Include="Balloon.h">
      <Filter>Entities</Filter>
    </ClInclude>
    <ClInclude Include="Ground.h">
      <Filter>Entities</Filter>
    </ClInclude>
    <ClInclude Include="Triangle.h">
      <Filter>Primitives</Filter>
    </ClInclude>
    <ClInclude Include="TestObject.h">
      <Filter>Entities</Filter>
    </ClInclude>
    <ClInclude Include="TerrainGenerator.h" />
    <ClInclude Include="Basket.h">
      <Filter>Entities</Filter>
    </ClInclude>
    <ClInclude Include="Command.h" />
    <ClInclude Include="Camera.h" />
    <ClInclude Include="SkyBox.h">
      <Filter>Entities</Filter>
    </ClInclude>
    <ClInclude Include="ImageData.h" />
  </ItemGroup>
  <ItemGroup>
    <Filter Include="Shaders">
      <UniqueIdentifier>{d2953b3e-33f3-4a17-87d4-0d676bd3af84}</UniqueIdentifier>
    </Filter>
    <Filter Include="Entities">
      <UniqueIdentifier>{8213029d-708e-4a82-b3f4-7221da3a53f5}</UniqueIdentifier>
    </Filter>
    <Filter Include="Primitives">
      <UniqueIdentifier>{d8b0db55-2b3b-4b82-b053-dad405321252}</UniqueIdentifier>
    </Filter>
    <Filter Include="Shaders\SkyBox">
      <UniqueIdentifier>{27137750-e580-49a0-9792-1ef70c471bed}</UniqueIdentifier>
    </Filter>
  </ItemGroup>
  <ItemGroup>
    <None Include="Shaders\fragment.frag">
      <Filter>Shaders</Filter>
    </None>
    <None Include="Shaders\regular.vert">
      <Filter>Shaders</Filter>
    </None>
    <None Include="Shaders\light.vert">
      <Filter>Shaders</Filter>
    </None>
    <None Include="Shaders\SkyBox\vertex.vert">
      <Filter>Shaders\SkyBox</Filter>
    </None>
    <None Include="Shaders\SkyBox\fragment.frag">
      <Filter>Shaders\SkyBox</Filter>
    </None>
    <None Include="Shaders\placing.vert">
      <Filter>Shaders</Filter>
    </None>
  </ItemGroup>
</Project>